
Microsoft Visual Studio Solution File, Format Version 12.00
# Visual Studio Version 17
VisualStudioVersion = 17.3.32825.248
MinimumVisualStudioVersion = 10.0.40219.1
Project("{FAE04EC0-301F-11D3-BF4B-00C04F79EFBC}") = "Address", "ConsoleApp1\Address.csproj", "{71593DB0-92E6-4D23-9618-9858A3A2C680}"
EndProject
Project("{FAE04EC0-301F-11D3-BF4B-00C04F79EFBC}") = "Convertor", "Convertor\Convertor.csproj", "{D2F4DFB6-5285-4627-A6A5-1C2C2D79A260}"
EndProject
Project("{FAE04EC0-301F-11D3-BF4B-00C04F79EFBC}") = "Employee", "Employee\Employee.csproj", "{38E08330-FD23-4575-9123-8D7BCD21E334}"
EndProject
Project("{FAE04EC0-301F-11D3-BF4B-00C04F79EFBC}") = "User", "User\User.csproj", "{47C99DA9-F0CF-4C53-B380-61E74E1D8304}"
EndProject
Global
	GlobalSection(SolutionConfigurationPlatforms) = preSolution
		Debug|Any CPU = Debug|Any CPU
		Release|Any CPU = Release|Any CPU
	EndGlobalSection
	GlobalSection(ProjectConfigurationPlatforms) = postSolution
		{71593DB0-92E6-4D23-9618-9858A3A2C680}.Debug|Any CPU.ActiveCfg = Debug|Any CPU
		{71593DB0-92E6-4D23-9618-9858A3A2C680}.Debug|Any CPU.Build.0 = Debug|Any CPU
		{71593DB0-92E6-4D23-9618-9858A3A2C680}.Release|Any CPU.ActiveCfg = Release|Any CPU
		{71593DB0-92E6-4D23-9618-9858A3A2C680}.Release|Any CPU.Build.0 = Release|Any CPU
		{D2F4DFB6-5285-4627-A6A5-1C2C2D79A260}.Debug|Any CPU.ActiveCfg = Debug|Any CPU
		{D2F4DFB6-5285-4627-A6A5-1C2C2D79A260}.Debug|Any CPU.Build.0 = Debug|Any CPU
		{D2F4DFB6-5285-4627-A6A5-1C2C2D79A260}.Release|Any CPU.ActiveCfg = Release|Any CPU
		{D2F4DFB6-5285-4627-A6A5-1C2C2D79A260}.Release|Any CPU.Build.0 = Release|Any CPU
		{38E08330-FD23-4575-9123-8D7BCD21E334}.Debug|Any CPU.ActiveCfg = Debug|Any CPU
		{38E08330-FD23-4575-9123-8D7BCD21E334}.Debug|Any CPU.Build.0 = Debug|Any CPU
		{38E08330-FD23-4575-9123-8D7BCD21E334}.Release|Any CPU.ActiveCfg = Release|Any CPU
		{38E08330-FD23-4575-9123-8D7BCD21E334}.Release|Any CPU.Build.0 = Release|Any CPU
		{47C99DA9-F0CF-4C53-B380-61E74E1D8304}.Debug|Any CPU.ActiveCfg = Debug|Any CPU
		{47C99DA9-F0CF-4C53-B380-61E74E1D8304}.Debug|Any CPU.Build.0 = Debug|Any CPU
		{47C99DA9-F0CF-4C53-B380-61E74E1D8304}.Release|Any CPU.ActiveCfg = Release|Any CPU
		{47C99DA9-F0CF-4C53-B380-61E74E1D8304}.Release|Any CPU.Build.0 = Release|Any CPU
	EndGlobalSection
	GlobalSection(SolutionProperties) = preSolution
		HideSolutionNode = FALSE
	EndGlobalSection
	GlobalSection(ExtensibilityGlobals) = postSolution
		SolutionGuid = {27557705-3F06-4F71-B24C-4CB7CC93E651}
	EndGlobalSection
EndGlobal
